
Microsoft Visual Studio Solution File, Format Version 12.00
Project("{FAE04EC0-301F-11D3-BF4B-00C04F79EFBC}") = "Nuages.Queue", "Nuages.Queue\Nuages.Queue.csproj", "{59959B2B-F221-4DE5-AE66-48B55A221D13}"
EndProject
Project("{FAE04EC0-301F-11D3-BF4B-00C04F79EFBC}") = "Nuages.Queue.SQS", "Nuages.Queue.SQS\Nuages.Queue.SQS.csproj", "{AA401988-EF58-4416-8ECA-0DFD18118F6D}"
EndProject
Project("{FAE04EC0-301F-11D3-BF4B-00C04F79EFBC}") = "Nuages.Queue.ASQ", "Nuages.Queue.ASQ\Nuages.Queue.ASQ.csproj", "{5577EE73-81D3-4DC6-BCED-378D98232754}"
EndProject
Project("{FAE04EC0-301F-11D3-BF4B-00C04F79EFBC}") = "Nuages.Queue.SQS.Tests", "Nuages.Queue.SQS.Tests\Nuages.Queue.SQS.Tests.csproj", "{C91E90DD-8091-49A8-BF41-940C0BFA20A9}"
EndProject
Project("{FAE04EC0-301F-11D3-BF4B-00C04F79EFBC}") = "Nuages.TaskQueue.SQS.Console", "Nuages.TaskQueue.SQS.Console\Nuages.TaskQueue.SQS.Console.csproj", "{EF902B0E-73BB-45A3-A609-426002A386F7}"
EndProject
Project("{FAE04EC0-301F-11D3-BF4B-00C04F79EFBC}") = "Nuages.TaskQueue.ASQ.Console", "Nuages.TaskQueue.ASQ.Console\Nuages.TaskQueue.ASQ.Console.csproj", "{3EA85785-0031-4BF3-B3D4-FBB222B6B7C3}"
EndProject
Project("{FAE04EC0-301F-11D3-BF4B-00C04F79EFBC}") = "Nuages.TaskQueue", "Nuages.TaskQueue\Nuages.TaskQueue.csproj", "{7C47A114-F425-406E-B5C1-77EB35BF207B}"
EndProject
Project("{2150E333-8FDC-42A3-9474-1A3956D46DE8}") = "SQS", "SQS", "{675B4DDB-BC88-47DE-A9C2-76EACFC60527}"
EndProject
Project("{2150E333-8FDC-42A3-9474-1A3956D46DE8}") = "ASQ", "ASQ", "{2E986A27-EC4E-4175-9F11-6A91506A9B82}"
EndProject
Project("{FAE04EC0-301F-11D3-BF4B-00C04F79EFBC}") = "Nuages.TaskQueue.ASQ", "Nuages.TaskQueue.ASQ\Nuages.TaskQueue.ASQ.csproj", "{9CAAC618-8BCD-44F1-983B-1F6F206637E6}"
EndProject
Project("{FAE04EC0-301F-11D3-BF4B-00C04F79EFBC}") = "Nuages.TaskQueue.SQS", "Nuages.TaskQueue.SQS\Nuages.TaskQueue.SQS.csproj", "{9AB6FF06-E76D-44AD-88D5-F2A400BF5151}"
EndProject
Project("{2150E333-8FDC-42A3-9474-1A3956D46DE8}") = "Tests", "Tests", "{994BD06D-8E65-4856-BF35-BDE1ADEFE631}"
EndProject
Project("{2150E333-8FDC-42A3-9474-1A3956D46DE8}") = "Samples", "Samples", "{5DB75B80-24DD-489B-9C45-609D010B6873}"
EndProject
Project("{FAE04EC0-301F-11D3-BF4B-00C04F79EFBC}") = "Nuages.TaskQueue.Simple.Console", "Nuages.TaskQueue.Simple.Console\Nuages.TaskQueue.Simple.Console.csproj", "{08AE67A5-350D-4EBA-BE46-FD5A66C4D388}"
EndProject
Project("{2150E333-8FDC-42A3-9474-1A3956D46DE8}") = "TaskQueue", "TaskQueue", "{401D6856-C02B-46D5-AD1B-6DE2F0906EE3}"
EndProject
Project("{2150E333-8FDC-42A3-9474-1A3956D46DE8}") = "Queue", "Queue", "{72D6DB43-B55C-4A90-98C6-4731820FD7BA}"
EndProject
Project("{2150E333-8FDC-42A3-9474-1A3956D46DE8}") = "Simple", "Simple", "{7211AA1D-9DCD-432B-959A-1AE401ABC078}"
EndProject
Project("{2150E333-8FDC-42A3-9474-1A3956D46DE8}") = "Sources", "Sources", "{BC2D960B-59B4-491A-A532-2AA5DE0848C0}"
EndProject
Project("{FAE04EC0-301F-11D3-BF4B-00C04F79EFBC}") = "Nuages.Queue.Simple", "Nuages.Queue.Simple\Nuages.Queue.Simple.csproj", "{D5180653-3722-4890-8287-387A956B4F18}"
EndProject
Project("{FAE04EC0-301F-11D3-BF4B-00C04F79EFBC}") = "Nuages.TaskQueue.Simple", "Nuages.TaskQueue.Simple\Nuages.TaskQueue.Simple.csproj", "{D191E6DC-F28E-4575-B217-CEE3D3883E6A}"
EndProject
Project("{FAE04EC0-301F-11D3-BF4B-00C04F79EFBC}") = "Nuages.SampleQueue", "Nuages.SampleQueue\Nuages.SampleQueue.csproj", "{D9C8F32C-53A9-4F24-9B9F-8CE479DBBB71}"
EndProject
Project("{FAE04EC0-301F-11D3-BF4B-00C04F79EFBC}") = "Nuages.TaskRunner", "Nuages.TaskRunner\Nuages.TaskRunner.csproj", "{712A7DE5-D6D0-4E83-83BF-D58CA119DDD1}"
EndProject
Project("{2150E333-8FDC-42A3-9474-1A3956D46DE8}") = "TaskRunner", "TaskRunner", "{12E2FEF6-D997-4417-BDF5-663A9E6D43B4}"
EndProject
Project("{FAE04EC0-301F-11D3-BF4B-00C04F79EFBC}") = "Nuages.TaskRunner.Samples.Lambda", "Nuages.TaskRunner.Samples.Lambda\Nuages.TaskRunner.Samples.Lambda.csproj", "{E45C9D18-2A68-4CC0-AE19-939A9848395B}"
EndProject
Global
	GlobalSection(SolutionConfigurationPlatforms) = preSolution
		Debug|Any CPU = Debug|Any CPU
		Release|Any CPU = Release|Any CPU
	EndGlobalSection
	GlobalSection(ProjectConfigurationPlatforms) = postSolution
		{59959B2B-F221-4DE5-AE66-48B55A221D13}.Debug|Any CPU.ActiveCfg = Debug|Any CPU
		{59959B2B-F221-4DE5-AE66-48B55A221D13}.Debug|Any CPU.Build.0 = Debug|Any CPU
		{59959B2B-F221-4DE5-AE66-48B55A221D13}.Release|Any CPU.ActiveCfg = Release|Any CPU
		{59959B2B-F221-4DE5-AE66-48B55A221D13}.Release|Any CPU.Build.0 = Release|Any CPU
		{AA401988-EF58-4416-8ECA-0DFD18118F6D}.Debug|Any CPU.ActiveCfg = Debug|Any CPU
		{AA401988-EF58-4416-8ECA-0DFD18118F6D}.Debug|Any CPU.Build.0 = Debug|Any CPU
		{AA401988-EF58-4416-8ECA-0DFD18118F6D}.Release|Any CPU.ActiveCfg = Release|Any CPU
		{AA401988-EF58-4416-8ECA-0DFD18118F6D}.Release|Any CPU.Build.0 = Release|Any CPU
		{5577EE73-81D3-4DC6-BCED-378D98232754}.Debug|Any CPU.ActiveCfg = Debug|Any CPU
		{5577EE73-81D3-4DC6-BCED-378D98232754}.Debug|Any CPU.Build.0 = Debug|Any CPU
		{5577EE73-81D3-4DC6-BCED-378D98232754}.Release|Any CPU.ActiveCfg = Release|Any CPU
		{5577EE73-81D3-4DC6-BCED-378D98232754}.Release|Any CPU.Build.0 = Release|Any CPU
		{C91E90DD-8091-49A8-BF41-940C0BFA20A9}.Debug|Any CPU.ActiveCfg = Debug|Any CPU
		{C91E90DD-8091-49A8-BF41-940C0BFA20A9}.Debug|Any CPU.Build.0 = Debug|Any CPU
		{C91E90DD-8091-49A8-BF41-940C0BFA20A9}.Release|Any CPU.ActiveCfg = Release|Any CPU
		{C91E90DD-8091-49A8-BF41-940C0BFA20A9}.Release|Any CPU.Build.0 = Release|Any CPU
		{EF902B0E-73BB-45A3-A609-426002A386F7}.Debug|Any CPU.ActiveCfg = Debug|Any CPU
		{EF902B0E-73BB-45A3-A609-426002A386F7}.Debug|Any CPU.Build.0 = Debug|Any CPU
		{EF902B0E-73BB-45A3-A609-426002A386F7}.Release|Any CPU.ActiveCfg = Release|Any CPU
		{EF902B0E-73BB-45A3-A609-426002A386F7}.Release|Any CPU.Build.0 = Release|Any CPU
		{3EA85785-0031-4BF3-B3D4-FBB222B6B7C3}.Debug|Any CPU.ActiveCfg = Debug|Any CPU
		{3EA85785-0031-4BF3-B3D4-FBB222B6B7C3}.Debug|Any CPU.Build.0 = Debug|Any CPU
		{3EA85785-0031-4BF3-B3D4-FBB222B6B7C3}.Release|Any CPU.ActiveCfg = Release|Any CPU
		{3EA85785-0031-4BF3-B3D4-FBB222B6B7C3}.Release|Any CPU.Build.0 = Release|Any CPU
		{7C47A114-F425-406E-B5C1-77EB35BF207B}.Debug|Any CPU.ActiveCfg = Debug|Any CPU
		{7C47A114-F425-406E-B5C1-77EB35BF207B}.Debug|Any CPU.Build.0 = Debug|Any CPU
		{7C47A114-F425-406E-B5C1-77EB35BF207B}.Release|Any CPU.ActiveCfg = Release|Any CPU
		{7C47A114-F425-406E-B5C1-77EB35BF207B}.Release|Any CPU.Build.0 = Release|Any CPU
		{9CAAC618-8BCD-44F1-983B-1F6F206637E6}.Debug|Any CPU.ActiveCfg = Debug|Any CPU
		{9CAAC618-8BCD-44F1-983B-1F6F206637E6}.Debug|Any CPU.Build.0 = Debug|Any CPU
		{9CAAC618-8BCD-44F1-983B-1F6F206637E6}.Release|Any CPU.ActiveCfg = Release|Any CPU
		{9CAAC618-8BCD-44F1-983B-1F6F206637E6}.Release|Any CPU.Build.0 = Release|Any CPU
		{9AB6FF06-E76D-44AD-88D5-F2A400BF5151}.Debug|Any CPU.ActiveCfg = Debug|Any CPU
		{9AB6FF06-E76D-44AD-88D5-F2A400BF5151}.Debug|Any CPU.Build.0 = Debug|Any CPU
		{9AB6FF06-E76D-44AD-88D5-F2A400BF5151}.Release|Any CPU.ActiveCfg = Release|Any CPU
		{9AB6FF06-E76D-44AD-88D5-F2A400BF5151}.Release|Any CPU.Build.0 = Release|Any CPU
		{08AE67A5-350D-4EBA-BE46-FD5A66C4D388}.Debug|Any CPU.ActiveCfg = Debug|Any CPU
		{08AE67A5-350D-4EBA-BE46-FD5A66C4D388}.Debug|Any CPU.Build.0 = Debug|Any CPU
		{08AE67A5-350D-4EBA-BE46-FD5A66C4D388}.Release|Any CPU.ActiveCfg = Release|Any CPU
		{08AE67A5-350D-4EBA-BE46-FD5A66C4D388}.Release|Any CPU.Build.0 = Release|Any CPU
		{D5180653-3722-4890-8287-387A956B4F18}.Debug|Any CPU.ActiveCfg = Debug|Any CPU
		{D5180653-3722-4890-8287-387A956B4F18}.Debug|Any CPU.Build.0 = Debug|Any CPU
		{D5180653-3722-4890-8287-387A956B4F18}.Release|Any CPU.ActiveCfg = Release|Any CPU
		{D5180653-3722-4890-8287-387A956B4F18}.Release|Any CPU.Build.0 = Release|Any CPU
		{D191E6DC-F28E-4575-B217-CEE3D3883E6A}.Debug|Any CPU.ActiveCfg = Debug|Any CPU
		{D191E6DC-F28E-4575-B217-CEE3D3883E6A}.Debug|Any CPU.Build.0 = Debug|Any CPU
		{D191E6DC-F28E-4575-B217-CEE3D3883E6A}.Release|Any CPU.ActiveCfg = Release|Any CPU
		{D191E6DC-F28E-4575-B217-CEE3D3883E6A}.Release|Any CPU.Build.0 = Release|Any CPU
		{D9C8F32C-53A9-4F24-9B9F-8CE479DBBB71}.Debug|Any CPU.ActiveCfg = Debug|Any CPU
		{D9C8F32C-53A9-4F24-9B9F-8CE479DBBB71}.Debug|Any CPU.Build.0 = Debug|Any CPU
		{D9C8F32C-53A9-4F24-9B9F-8CE479DBBB71}.Release|Any CPU.ActiveCfg = Release|Any CPU
		{D9C8F32C-53A9-4F24-9B9F-8CE479DBBB71}.Release|Any CPU.Build.0 = Release|Any CPU
		{712A7DE5-D6D0-4E83-83BF-D58CA119DDD1}.Debug|Any CPU.ActiveCfg = Debug|Any CPU
		{712A7DE5-D6D0-4E83-83BF-D58CA119DDD1}.Debug|Any CPU.Build.0 = Debug|Any CPU
		{712A7DE5-D6D0-4E83-83BF-D58CA119DDD1}.Release|Any CPU.ActiveCfg = Release|Any CPU
		{712A7DE5-D6D0-4E83-83BF-D58CA119DDD1}.Release|Any CPU.Build.0 = Release|Any CPU
		{E45C9D18-2A68-4CC0-AE19-939A9848395B}.Debug|Any CPU.ActiveCfg = Debug|Any CPU
		{E45C9D18-2A68-4CC0-AE19-939A9848395B}.Debug|Any CPU.Build.0 = Debug|Any CPU
		{E45C9D18-2A68-4CC0-AE19-939A9848395B}.Release|Any CPU.ActiveCfg = Release|Any CPU
		{E45C9D18-2A68-4CC0-AE19-939A9848395B}.Release|Any CPU.Build.0 = Release|Any CPU
	EndGlobalSection
	GlobalSection(NestedProjects) = preSolution
		{AA401988-EF58-4416-8ECA-0DFD18118F6D} = {675B4DDB-BC88-47DE-A9C2-76EACFC60527}
		{5577EE73-81D3-4DC6-BCED-378D98232754} = {2E986A27-EC4E-4175-9F11-6A91506A9B82}
		{9CAAC618-8BCD-44F1-983B-1F6F206637E6} = {2E986A27-EC4E-4175-9F11-6A91506A9B82}
		{9AB6FF06-E76D-44AD-88D5-F2A400BF5151} = {675B4DDB-BC88-47DE-A9C2-76EACFC60527}
		{C91E90DD-8091-49A8-BF41-940C0BFA20A9} = {994BD06D-8E65-4856-BF35-BDE1ADEFE631}
		{401D6856-C02B-46D5-AD1B-6DE2F0906EE3} = {5DB75B80-24DD-489B-9C45-609D010B6873}
		{3EA85785-0031-4BF3-B3D4-FBB222B6B7C3} = {401D6856-C02B-46D5-AD1B-6DE2F0906EE3}
		{08AE67A5-350D-4EBA-BE46-FD5A66C4D388} = {401D6856-C02B-46D5-AD1B-6DE2F0906EE3}
		{EF902B0E-73BB-45A3-A609-426002A386F7} = {401D6856-C02B-46D5-AD1B-6DE2F0906EE3}
		{72D6DB43-B55C-4A90-98C6-4731820FD7BA} = {5DB75B80-24DD-489B-9C45-609D010B6873}
		{2E986A27-EC4E-4175-9F11-6A91506A9B82} = {BC2D960B-59B4-491A-A532-2AA5DE0848C0}
		{7211AA1D-9DCD-432B-959A-1AE401ABC078} = {BC2D960B-59B4-491A-A532-2AA5DE0848C0}
		{675B4DDB-BC88-47DE-A9C2-76EACFC60527} = {BC2D960B-59B4-491A-A532-2AA5DE0848C0}
		{D5180653-3722-4890-8287-387A956B4F18} = {7211AA1D-9DCD-432B-959A-1AE401ABC078}
		{D191E6DC-F28E-4575-B217-CEE3D3883E6A} = {7211AA1D-9DCD-432B-959A-1AE401ABC078}
		{D9C8F32C-53A9-4F24-9B9F-8CE479DBBB71} = {72D6DB43-B55C-4A90-98C6-4731820FD7BA}
		{712A7DE5-D6D0-4E83-83BF-D58CA119DDD1} = {12E2FEF6-D997-4417-BDF5-663A9E6D43B4}
		{E45C9D18-2A68-4CC0-AE19-939A9848395B} = {12E2FEF6-D997-4417-BDF5-663A9E6D43B4}
	EndGlobalSection
EndGlobal
