
Microsoft Visual Studio Solution File, Format Version 12.00
# Visual Studio Version 16
Project("{2150E333-8FDC-42A3-9474-1A3956D46DE8}") = "Queue", "Queue", "{6DC77E33-1CBF-46AE-82E8-72D8062648CF}"
	ProjectSection(SolutionItems) = preProject
		Queue\README.md = Queue\README.md
	EndProjectSection
EndProject
Project("{FAE04EC0-301F-11D3-BF4B-00C04F79EFBC}") = "Nuages.Queue", "Queue\Nuages.Queue\Nuages.Queue.csproj", "{65A5375D-15FD-4713-9591-9216C67EBE95}"
EndProject
Project("{FAE04EC0-301F-11D3-BF4B-00C04F79EFBC}") = "Nuages.Queue.ASQ", "Queue\Nuages.Queue.ASQ\Nuages.Queue.ASQ.csproj", "{C07A63EC-74AC-451A-9C90-278B9F9957D1}"
EndProject
Project("{FAE04EC0-301F-11D3-BF4B-00C04F79EFBC}") = "Nuages.Queue.SQS", "Queue\Nuages.Queue.SQS\Nuages.Queue.SQS.csproj", "{91EBB685-F2A7-4382-ACB1-ED731D4228A9}"
EndProject
Project("{FAE04EC0-301F-11D3-BF4B-00C04F79EFBC}") = "Nuages.Queue.SQS.Tests", "Queue\Nuages.Queue.SQS.Tests\Nuages.Queue.SQS.Tests.csproj", "{4893F7F1-1DC4-4CE4-A241-C4F9DF52CD18}"
EndProject
Project("{2150E333-8FDC-42A3-9474-1A3956D46DE8}") = "TaskQueue", "TaskQueue", "{2E0A6A71-C7FB-427B-93E3-5A583A792225}"
	ProjectSection(SolutionItems) = preProject
		TaskQueue\README.md = TaskQueue\README.md
	EndProjectSection
EndProject
Project("{FAE04EC0-301F-11D3-BF4B-00C04F79EFBC}") = "Nuages.TaskQueue", "TaskQueue\Nuages.TaskQueue\Nuages.TaskQueue.csproj", "{3F183F0B-890E-4A93-A44A-1ABA3D475959}"
EndProject
Project("{FAE04EC0-301F-11D3-BF4B-00C04F79EFBC}") = "Nuages.TaskQueue.ASQ", "TaskQueue\Nuages.TaskQueue.ASQ\Nuages.TaskQueue.ASQ.csproj", "{90884C0F-04D4-4CD8-B824-DCE01D537494}"
EndProject
Project("{FAE04EC0-301F-11D3-BF4B-00C04F79EFBC}") = "Nuages.TaskQueue.ASQ.Console", "TaskQueue\Nuages.TaskQueue.ASQ.Console\Nuages.TaskQueue.ASQ.Console.csproj", "{436A374C-B811-43FF-80C9-82A15B373907}"
EndProject
Project("{FAE04EC0-301F-11D3-BF4B-00C04F79EFBC}") = "Nuages.TaskQueue.Simple.Console", "TaskQueue\Nuages.TaskQueue.Simple.Console\Nuages.TaskQueue.Simple.Console.csproj", "{D935004F-5DB5-41F5-AFB8-D86F26BABEFD}"
EndProject
Project("{FAE04EC0-301F-11D3-BF4B-00C04F79EFBC}") = "Nuages.TaskQueue.SQS", "TaskQueue\Nuages.TaskQueue.SQS\Nuages.TaskQueue.SQS.csproj", "{372B60D7-482C-43CE-B20A-10524DD87907}"
EndProject
Project("{FAE04EC0-301F-11D3-BF4B-00C04F79EFBC}") = "Nuages.TaskQueue.SQS.Console", "TaskQueue\Nuages.TaskQueue.SQS.Console\Nuages.TaskQueue.SQS.Console.csproj", "{5A178B2E-D398-45DF-AD9A-19D80CCE4EC5}"
EndProject
Project("{2150E333-8FDC-42A3-9474-1A3956D46DE8}") = "TaskRunner", "TaskRunner", "{869F95EE-F206-4454-B552-0B7D309E1ADD}"
	ProjectSection(SolutionItems) = preProject
		TaskRunner\README.md = TaskRunner\README.md
	EndProjectSection
EndProject
Project("{FAE04EC0-301F-11D3-BF4B-00C04F79EFBC}") = "Nuages.TaskRunner", "TaskRunner\Nuages.TaskRunner\Nuages.TaskRunner.csproj", "{44D9C139-9B1B-477B-87A5-C1E4AD27AC12}"
EndProject
Project("{FAE04EC0-301F-11D3-BF4B-00C04F79EFBC}") = "Nuages.TaskRunner.Samples.Console", "TaskRunner\Nuages.TaskRunner.Samples.Console\Nuages.TaskRunner.Samples.Console.csproj", "{F24705B4-553E-4C49-B7A1-54BEDFB2D524}"
EndProject
Project("{FAE04EC0-301F-11D3-BF4B-00C04F79EFBC}") = "Nuages.TaskRunner.Samples.Lambda", "TaskRunner\Nuages.TaskRunner.Samples.Lambda\Nuages.TaskRunner.Samples.Lambda.csproj", "{9A4B4954-FF50-479E-AD4F-55AA3A842B88}"
EndProject
Project("{FAE04EC0-301F-11D3-BF4B-00C04F79EFBC}") = "Nuages.TaskRunner.Tests", "TaskRunner\Nuages.TaskRunner.Tests\Nuages.TaskRunner.Tests.csproj", "{2537AC0D-16AF-40DC-82FA-98453AFF0AFF}"
EndProject
Project("{2150E333-8FDC-42A3-9474-1A3956D46DE8}") = "Solution Items", "Solution Items", "{AA498524-F998-481C-961A-1CC4472FC381}"
	ProjectSection(SolutionItems) = preProject
		LICENSE = LICENSE
		.gitignore = .gitignore
		README.md = README.md
	EndProjectSection
EndProject
Global
	GlobalSection(SolutionConfigurationPlatforms) = preSolution
		Debug|Any CPU = Debug|Any CPU
		Release|Any CPU = Release|Any CPU
	EndGlobalSection
	GlobalSection(ProjectConfigurationPlatforms) = postSolution
		{65A5375D-15FD-4713-9591-9216C67EBE95}.Debug|Any CPU.ActiveCfg = Debug|Any CPU
		{65A5375D-15FD-4713-9591-9216C67EBE95}.Debug|Any CPU.Build.0 = Debug|Any CPU
		{65A5375D-15FD-4713-9591-9216C67EBE95}.Release|Any CPU.ActiveCfg = Release|Any CPU
		{65A5375D-15FD-4713-9591-9216C67EBE95}.Release|Any CPU.Build.0 = Release|Any CPU
		{C07A63EC-74AC-451A-9C90-278B9F9957D1}.Debug|Any CPU.ActiveCfg = Debug|Any CPU
		{C07A63EC-74AC-451A-9C90-278B9F9957D1}.Debug|Any CPU.Build.0 = Debug|Any CPU
		{C07A63EC-74AC-451A-9C90-278B9F9957D1}.Release|Any CPU.ActiveCfg = Release|Any CPU
		{C07A63EC-74AC-451A-9C90-278B9F9957D1}.Release|Any CPU.Build.0 = Release|Any CPU
		{91EBB685-F2A7-4382-ACB1-ED731D4228A9}.Debug|Any CPU.ActiveCfg = Debug|Any CPU
		{91EBB685-F2A7-4382-ACB1-ED731D4228A9}.Debug|Any CPU.Build.0 = Debug|Any CPU
		{91EBB685-F2A7-4382-ACB1-ED731D4228A9}.Release|Any CPU.ActiveCfg = Release|Any CPU
		{91EBB685-F2A7-4382-ACB1-ED731D4228A9}.Release|Any CPU.Build.0 = Release|Any CPU
		{4893F7F1-1DC4-4CE4-A241-C4F9DF52CD18}.Debug|Any CPU.ActiveCfg = Debug|Any CPU
		{4893F7F1-1DC4-4CE4-A241-C4F9DF52CD18}.Debug|Any CPU.Build.0 = Debug|Any CPU
		{4893F7F1-1DC4-4CE4-A241-C4F9DF52CD18}.Release|Any CPU.ActiveCfg = Release|Any CPU
		{4893F7F1-1DC4-4CE4-A241-C4F9DF52CD18}.Release|Any CPU.Build.0 = Release|Any CPU
		{3F183F0B-890E-4A93-A44A-1ABA3D475959}.Debug|Any CPU.ActiveCfg = Debug|Any CPU
		{3F183F0B-890E-4A93-A44A-1ABA3D475959}.Debug|Any CPU.Build.0 = Debug|Any CPU
		{3F183F0B-890E-4A93-A44A-1ABA3D475959}.Release|Any CPU.ActiveCfg = Release|Any CPU
		{3F183F0B-890E-4A93-A44A-1ABA3D475959}.Release|Any CPU.Build.0 = Release|Any CPU
		{90884C0F-04D4-4CD8-B824-DCE01D537494}.Debug|Any CPU.ActiveCfg = Debug|Any CPU
		{90884C0F-04D4-4CD8-B824-DCE01D537494}.Debug|Any CPU.Build.0 = Debug|Any CPU
		{90884C0F-04D4-4CD8-B824-DCE01D537494}.Release|Any CPU.ActiveCfg = Release|Any CPU
		{90884C0F-04D4-4CD8-B824-DCE01D537494}.Release|Any CPU.Build.0 = Release|Any CPU
		{436A374C-B811-43FF-80C9-82A15B373907}.Debug|Any CPU.ActiveCfg = Debug|Any CPU
		{436A374C-B811-43FF-80C9-82A15B373907}.Debug|Any CPU.Build.0 = Debug|Any CPU
		{436A374C-B811-43FF-80C9-82A15B373907}.Release|Any CPU.ActiveCfg = Release|Any CPU
		{436A374C-B811-43FF-80C9-82A15B373907}.Release|Any CPU.Build.0 = Release|Any CPU
		{D935004F-5DB5-41F5-AFB8-D86F26BABEFD}.Debug|Any CPU.ActiveCfg = Debug|Any CPU
		{D935004F-5DB5-41F5-AFB8-D86F26BABEFD}.Debug|Any CPU.Build.0 = Debug|Any CPU
		{D935004F-5DB5-41F5-AFB8-D86F26BABEFD}.Release|Any CPU.ActiveCfg = Release|Any CPU
		{D935004F-5DB5-41F5-AFB8-D86F26BABEFD}.Release|Any CPU.Build.0 = Release|Any CPU
		{372B60D7-482C-43CE-B20A-10524DD87907}.Debug|Any CPU.ActiveCfg = Debug|Any CPU
		{372B60D7-482C-43CE-B20A-10524DD87907}.Debug|Any CPU.Build.0 = Debug|Any CPU
		{372B60D7-482C-43CE-B20A-10524DD87907}.Release|Any CPU.ActiveCfg = Release|Any CPU
		{372B60D7-482C-43CE-B20A-10524DD87907}.Release|Any CPU.Build.0 = Release|Any CPU
		{5A178B2E-D398-45DF-AD9A-19D80CCE4EC5}.Debug|Any CPU.ActiveCfg = Debug|Any CPU
		{5A178B2E-D398-45DF-AD9A-19D80CCE4EC5}.Debug|Any CPU.Build.0 = Debug|Any CPU
		{5A178B2E-D398-45DF-AD9A-19D80CCE4EC5}.Release|Any CPU.ActiveCfg = Release|Any CPU
		{5A178B2E-D398-45DF-AD9A-19D80CCE4EC5}.Release|Any CPU.Build.0 = Release|Any CPU
		{44D9C139-9B1B-477B-87A5-C1E4AD27AC12}.Debug|Any CPU.ActiveCfg = Debug|Any CPU
		{44D9C139-9B1B-477B-87A5-C1E4AD27AC12}.Debug|Any CPU.Build.0 = Debug|Any CPU
		{44D9C139-9B1B-477B-87A5-C1E4AD27AC12}.Release|Any CPU.ActiveCfg = Release|Any CPU
		{44D9C139-9B1B-477B-87A5-C1E4AD27AC12}.Release|Any CPU.Build.0 = Release|Any CPU
		{F24705B4-553E-4C49-B7A1-54BEDFB2D524}.Debug|Any CPU.ActiveCfg = Debug|Any CPU
		{F24705B4-553E-4C49-B7A1-54BEDFB2D524}.Debug|Any CPU.Build.0 = Debug|Any CPU
		{F24705B4-553E-4C49-B7A1-54BEDFB2D524}.Release|Any CPU.ActiveCfg = Release|Any CPU
		{F24705B4-553E-4C49-B7A1-54BEDFB2D524}.Release|Any CPU.Build.0 = Release|Any CPU
		{9A4B4954-FF50-479E-AD4F-55AA3A842B88}.Debug|Any CPU.ActiveCfg = Debug|Any CPU
		{9A4B4954-FF50-479E-AD4F-55AA3A842B88}.Debug|Any CPU.Build.0 = Debug|Any CPU
		{9A4B4954-FF50-479E-AD4F-55AA3A842B88}.Release|Any CPU.ActiveCfg = Release|Any CPU
		{9A4B4954-FF50-479E-AD4F-55AA3A842B88}.Release|Any CPU.Build.0 = Release|Any CPU
		{2537AC0D-16AF-40DC-82FA-98453AFF0AFF}.Debug|Any CPU.ActiveCfg = Debug|Any CPU
		{2537AC0D-16AF-40DC-82FA-98453AFF0AFF}.Debug|Any CPU.Build.0 = Debug|Any CPU
		{2537AC0D-16AF-40DC-82FA-98453AFF0AFF}.Release|Any CPU.ActiveCfg = Release|Any CPU
		{2537AC0D-16AF-40DC-82FA-98453AFF0AFF}.Release|Any CPU.Build.0 = Release|Any CPU
	EndGlobalSection
	GlobalSection(NestedProjects) = preSolution
		{65A5375D-15FD-4713-9591-9216C67EBE95} = {6DC77E33-1CBF-46AE-82E8-72D8062648CF}
		{C07A63EC-74AC-451A-9C90-278B9F9957D1} = {6DC77E33-1CBF-46AE-82E8-72D8062648CF}
		{91EBB685-F2A7-4382-ACB1-ED731D4228A9} = {6DC77E33-1CBF-46AE-82E8-72D8062648CF}
		{4893F7F1-1DC4-4CE4-A241-C4F9DF52CD18} = {6DC77E33-1CBF-46AE-82E8-72D8062648CF}
		{3F183F0B-890E-4A93-A44A-1ABA3D475959} = {2E0A6A71-C7FB-427B-93E3-5A583A792225}
		{90884C0F-04D4-4CD8-B824-DCE01D537494} = {2E0A6A71-C7FB-427B-93E3-5A583A792225}
		{436A374C-B811-43FF-80C9-82A15B373907} = {2E0A6A71-C7FB-427B-93E3-5A583A792225}
		{D935004F-5DB5-41F5-AFB8-D86F26BABEFD} = {2E0A6A71-C7FB-427B-93E3-5A583A792225}
		{372B60D7-482C-43CE-B20A-10524DD87907} = {2E0A6A71-C7FB-427B-93E3-5A583A792225}
		{5A178B2E-D398-45DF-AD9A-19D80CCE4EC5} = {2E0A6A71-C7FB-427B-93E3-5A583A792225}
		{44D9C139-9B1B-477B-87A5-C1E4AD27AC12} = {869F95EE-F206-4454-B552-0B7D309E1ADD}
		{F24705B4-553E-4C49-B7A1-54BEDFB2D524} = {869F95EE-F206-4454-B552-0B7D309E1ADD}
		{9A4B4954-FF50-479E-AD4F-55AA3A842B88} = {869F95EE-F206-4454-B552-0B7D309E1ADD}
		{2537AC0D-16AF-40DC-82FA-98453AFF0AFF} = {869F95EE-F206-4454-B552-0B7D309E1ADD}
	EndGlobalSection
EndGlobal
